
Microsoft Visual Studio Solution File, Format Version 12.00
# Visual Studio Version 17
VisualStudioVersion = 17.11.35327.3
MinimumVisualStudioVersion = 10.0.40219.1
Project("{888888A0-9F3D-457C-B088-3A5042F75D52}") = "To-do-list app", "To-do-list app.pyproj", "{CF96EA24-B231-4E45-89B7-FAD909200028}"
EndProject
Global
	GlobalSection(SolutionConfigurationPlatforms) = preSolution
		Debug|Any CPU = Debug|Any CPU
		Release|Any CPU = Release|Any CPU
	EndGlobalSection
	GlobalSection(ProjectConfigurationPlatforms) = postSolution
		{CF96EA24-B231-4E45-89B7-FAD909200028}.Debug|Any CPU.ActiveCfg = Debug|Any CPU
		{CF96EA24-B231-4E45-89B7-FAD909200028}.Release|Any CPU.ActiveCfg = Release|Any CPU
	EndGlobalSection
	GlobalSection(SolutionProperties) = preSolution
		HideSolutionNode = FALSE
	EndGlobalSection
	GlobalSection(ExtensibilityGlobals) = postSolution
		SolutionGuid = {9582EE60-2149-4E2B-8C7B-9304A880C2AC}
	EndGlobalSection
EndGlobal
